{
  "lockfileVersion": 1,
  "configVersion": 1,
  "workspaces": {
    "": {
      "dependencies": {
        "ghostty-web": "0.4.0",
      },
    },
  },
  "packages": {
    "ghostty-web": ["ghostty-web@0.4.0", "", {}, "sha512-0puDBik2qapbD/QQBW9o5ZHfXnZBqZWx/ctBiVtKZ6ZLds4NYb+wZuw1cRLXZk9zYovIQ908z3rvFhexAvc5Hg=="],
  }
}
